// !$*UTF8*$!
{
	archiveVersion = 1;
	classes = {
	};
	objectVersion = 48;
	objects = {

/* Begin PBXBuildFile section */
		B910D8DD1FA8480400CD54B1 /* AppDelegate.m in Sources */ = {isa = PBXBuildFile; fileRef = B910D8DC1FA8480400CD54B1 /* AppDelegate.m */; };
		B910D8E01FA8480400CD54B1 /* ViewController.m in Sources */ = {isa = PBXBuildFile; fileRef = B910D8DF1FA8480400CD54B1 /* ViewController.m */; };
		B910D8E31FA8480400CD54B1 /* Main.storyboard in Resources */ = {isa = PBXBuildFile; fileRef = B910D8E11FA8480400CD54B1 /* Main.storyboard */; };
		B910D8E51FA8480400CD54B1 /* Assets.xcassets in Resources */ = {isa = PBXBuildFile; fileRef = B910D8E41FA8480400CD54B1 /* Assets.xcassets */; };
		B910D8E81FA8480400CD54B1 /* LaunchScreen.storyboard in Resources */ = {isa = PBXBuildFile; fileRef = B910D8E61FA8480400CD54B1 /* LaunchScreen.storyboard */; };
		B910D8EB1FA8480400CD54B1 /* main.m in Sources */ = {isa = PBXBuildFile; fileRef = B910D8EA1FA8480400CD54B1 /* main.m */; };
		B910D8F51FA8480500CD54B1 /* ___________Tests.m in Sources */ = {isa = PBXBuildFile; fileRef = B910D8F41FA8480500CD54B1 /* ___________Tests.m */; };
		B910D9001FA8480500CD54B1 /* ___________UITests.m in Sources */ = {isa = PBXBuildFile; fileRef = B910D8FF1FA8480500CD54B1 /* ___________UITests.m */; };
		B910D90F1FA8485C00CD54B1 /* HggBigImage.m in Sources */ = {isa = PBXBuildFile; fileRef = B910D90E1FA8485C00CD54B1 /* HggBigImage.m */; };
/* End PBXBuildFile section */

/* Begin PBXContainerItemProxy section */
		B910D8F11FA8480500CD54B1 /* PBXContainerItemProxy */ = {
			isa = PBXContainerItemProxy;
			containerPortal = B910D8D01FA8480400CD54B1 /* Project object */;
			proxyType = 1;
			remoteGlobalIDString = B910D8D71FA8480400CD54B1;
			remoteInfo = "点击单个图片放大的封装";
		};
		B910D8FC1FA8480500CD54B1 /* PBXContainerItemProxy */ = {
			isa = PBXContainerItemProxy;
			containerPortal = B910D8D01FA8480400CD54B1 /* Project object */;
			proxyType = 1;
			remoteGlobalIDString = B910D8D71FA8480400CD54B1;
			remoteInfo = "点击单个图片放大的封装";
		};
/* End PBXContainerItemProxy section */

/* Begin PBXFileReference section */
		B910D8D81FA8480400CD54B1 /* 点击单个图片放大的封装.app */ = {isa = PBXFileReference; explicitFileType = wrapper.application; includeInIndex = 0; path = "点击单个图片放大的封装.app"; sourceTree = BUILT_PRODUCTS_DIR; };
		B910D8DB1FA8480400CD54B1 /* AppDelegate.h */ = {isa = PBXFileReference; lastKnownFileType = sourcecode.c.h; path = AppDelegate.h; sourceTree = "<group>"; };
		B910D8DC1FA8480400CD54B1 /* AppDelegate.m */ = {isa = PBXFileReference; lastKnownFileType = sourcecode.c.objc; path = AppDelegate.m; sourceTree = "<group>"; };
		B910D8DE1FA8480400CD54B1 /* ViewController.h */ = {isa = PBXFileReference; lastKnownFileType = sourcecode.c.h; path = ViewController.h; sourceTree = "<group>"; };
		B910D8DF1FA8480400CD54B1 /* ViewController.m */ = {isa = PBXFileReference; lastKnownFileType = sourcecode.c.objc; path = ViewController.m; sourceTree = "<group>"; };
		B910D8E21FA8480400CD54B1 /* Base */ = {isa = PBXFileReference; lastKnownFileType = file.storyboard; name = Base; path = Base.lproj/Main.storyboard; sourceTree = "<group>"; };
		B910D8E41FA8480400CD54B1 /* Assets.xcassets */ = {isa = PBXFileReference; lastKnownFileType = folder.assetcatalog; path = Assets.xcassets; sourceTree = "<group>"; };
		B910D8E71FA8480400CD54B1 /* Base */ = {isa = PBXFileReference; lastKnownFileType = file.storyboard; name = Base; path = Base.lproj/LaunchScreen.storyboard; sourceTree = "<group>"; };
		B910D8E91FA8480400CD54B1 /* Info.plist */ = {isa = PBXFileReference; lastKnownFileType = text.plist.xml; path = Info.plist; sourceTree = "<group>"; };
		B910D8EA1FA8480400CD54B1 /* main.m */ = {isa = PBXFileReference; lastKnownFileType = sourcecode.c.objc; path = main.m; sourceTree = "<group>"; };
		B910D8F01FA8480500CD54B1 /* 点击单个图片放大的封装Tests.xctest */ = {isa = PBXFileReference; explicitFileType = wrapper.cfbundle; includeInIndex = 0; path = "点击单个图片放大的封装Tests.xctest"; sourceTree = BUILT_PRODUCTS_DIR; };
		B910D8F41FA8480500CD54B1 /* ___________Tests.m */ = {isa = PBXFileReference; lastKnownFileType = sourcecode.c.objc; path = "___________Tests.m"; sourceTree = "<group>"; };
		B910D8F61FA8480500CD54B1 /* Info.plist */ = {isa = PBXFileReference; lastKnownFileType = text.plist.xml; path = Info.plist; sourceTree = "<group>"; };
		B910D8FB1FA8480500CD54B1 /* 点击单个图片放大的封装UITests.xctest */ = {isa = PBXFileReference; explicitFileType = wrapper.cfbundle; includeInIndex = 0; path = "点击单个图片放大的封装UITests.xctest"; sourceTree = BUILT_PRODUCTS_DIR; };
		B910D8FF1FA8480500CD54B1 /* ___________UITests.m */ = {isa = PBXFileReference; lastKnownFileType = sourcecode.c.objc; path = "___________UITests.m"; sourceTree = "<group>"; };
		B910D9011FA8480500CD54B1 /* Info.plist */ = {isa = PBXFileReference; lastKnownFileType = text.plist.xml; path = Info.plist; sourceTree = "<group>"; };
		B910D90D1FA8485C00CD54B1 /* HggBigImage.h */ = {isa = PBXFileReference; lastKnownFileType = sourcecode.c.h; path = HggBigImage.h; sourceTree = "<group>"; };
		B910D90E1FA8485C00CD54B1 /* HggBigImage.m */ = {isa = PBXFileReference; lastKnownFileType = sourcecode.c.objc; path = HggBigImage.m; sourceTree = "<group>"; };
/* End PBXFileReference section */

/* Begin PBXFrameworksBuildPhase section */
		B910D8D51FA8480400CD54B1 /* Frameworks */ = {
			isa = PBXFrameworksBuildPhase;
			buildActionMask = 2147483647;
			files = (
			);
			runOnlyForDeploymentPostprocessing = 0;
		};
		B910D8ED1FA8480500CD54B1 /* Frameworks */ = {
			isa = PBXFrameworksBuildPhase;
			buildActionMask = 2147483647;
			files = (
			);
			runOnlyForDeploymentPostprocessing = 0;
		};
		B910D8F81FA8480500CD54B1 /* Frameworks */ = {
			isa = PBXFrameworksBuildPhase;
			buildActionMask = 2147483647;
			files = (
			);
			runOnlyForDeploymentPostprocessing = 0;
		};
/* End PBXFrameworksBuildPhase section */

/* Begin PBXGroup section */
		B910D8CF1FA8480400CD54B1 = {
			isa = PBXGroup;
			children = (
				B910D8DA1FA8480400CD54B1 /* 点击单个图片放大的封装 */,
				B910D8F31FA8480500CD54B1 /* 点击单个图片放大的封装Tests */,
				B910D8FE1FA8480500CD54B1 /* 点击单个图片放大的封装UITests */,
				B910D8D91FA8480400CD54B1 /* Products */,
			);
			sourceTree = "<group>";
		};
		B910D8D91FA8480400CD54B1 /* Products */ = {
			isa = PBXGroup;
			children = (
				B910D8D81FA8480400CD54B1 /* 点击单个图片放大的封装.app */,
				B910D8F01FA8480500CD54B1 /* 点击单个图片放大的封装Tests.xctest */,
				B910D8FB1FA8480500CD54B1 /* 点击单个图片放大的封装UITests.xctest */,
			);
			name = Products;
			sourceTree = "<group>";
		};
		B910D8DA1FA8480400CD54B1 /* 点击单个图片放大的封装 */ = {
			isa = PBXGroup;
			children = (
				B910D8DB1FA8480400CD54B1 /* AppDelegate.h */,
				B910D8DC1FA8480400CD54B1 /* AppDelegate.m */,
				B910D8DE1FA8480400CD54B1 /* ViewController.h */,
				B910D8DF1FA8480400CD54B1 /* ViewController.m */,
				B910D8E11FA8480400CD54B1 /* Main.storyboard */,
				B910D8E41FA8480400CD54B1 /* Assets.xcassets */,
				B910D8E61FA8480400CD54B1 /* LaunchScreen.storyboard */,
				B910D8E91FA8480400CD54B1 /* Info.plist */,
				B910D8EA1FA8480400CD54B1 /* main.m */,
				B910D90D1FA8485C00CD54B1 /* HggBigImage.h */,
				B910D90E1FA8485C00CD54B1 /* HggBigImage.m */,
			);
			path = "点击单个图片放大的封装";
			sourceTree = "<group>";
		};
		B910D8F31FA8480500CD54B1 /* 点击单个图片放大的封装Tests */ = {
			isa = PBXGroup;
			children = (
				B910D8F41FA8480500CD54B1 /* ___________Tests.m */,
				B910D8F61FA8480500CD54B1 /* Info.plist */,
			);
			path = "点击单个图片放大的封装Tests";
			sourceTree = "<group>";
		};
		B910D8FE1FA8480500CD54B1 /* 点击单个图片放大的封装UITests */ = {
			isa = PBXGroup;
			children = (
				B910D8FF1FA8480500CD54B1 /* ___________UITests.m */,
				B910D9011FA8480500CD54B1 /* Info.plist */,
			);
			path = "点击单个图片放大的封装UITests";
			sourceTree = "<group>";
		};
/* End PBXGroup section */

/* Begin PBXNativeTarget section */
		B910D8D71FA8480400CD54B1 /* 点击单个图片放大的封装 */ = {
			isa = PBXNativeTarget;
			buildConfigurationList = B910D9041FA8480500CD54B1 /* Build configuration list for PBXNativeTarget "点击单个图片放大的封装" */;
			buildPhases = (
				B910D8D41FA8480400CD54B1 /* Sources */,
				B910D8D51FA8480400CD54B1 /* Frameworks */,
				B910D8D61FA8480400CD54B1 /* Resources */,
			);
			buildRules = (
			);
			dependencies = (
			);
			name = "点击单个图片放大的封装";
			productName = "点击单个图片放大的封装";
			productReference = B910D8D81FA8480400CD54B1 /* 点击单个图片放大的封装.app */;
			productType = "com.apple.product-type.application";
		};
		B910D8EF1FA8480500CD54B1 /* 点击单个图片放大的封装Tests */ = {
			isa = PBXNativeTarget;
			buildConfigurationList = B910D9071FA8480500CD54B1 /* Build configuration list for PBXNativeTarget "点击单个图片放大的封装Tests" */;
			buildPhases = (
				B910D8EC1FA8480500CD54B1 /* Sources */,
				B910D8ED1FA8480500CD54B1 /* Frameworks */,
				B910D8EE1FA8480500CD54B1 /* Resources */,
			);
			buildRules = (
			);
			dependencies = (
				B910D8F21FA8480500CD54B1 /* PBXTargetDependency */,
			);
			name = "点击单个图片放大的封装Tests";
			productName = "点击单个图片放大的封装Tests";
			productReference = B910D8F01FA8480500CD54B1 /* 点击单个图片放大的封装Tests.xctest */;
			productType = "com.apple.product-type.bundle.unit-test";
		};
		B910D8FA1FA8480500CD54B1 /* 点击单个图片放大的封装UITests */ = {
			isa = PBXNativeTarget;
			buildConfigurationList = B910D90A1FA8480500CD54B1 /* Build configuration list for PBXNativeTarget "点击单个图片放大的封装UITests" */;
			buildPhases = (
				B910D8F71FA8480500CD54B1 /* Sources */,
				B910D8F81FA8480500CD54B1 /* Frameworks */,
				B910D8F91FA8480500CD54B1 /* Resources */,
			);
			buildRules = (
			);
			dependencies = (
				B910D8FD1FA8480500CD54B1 /* PBXTargetDependency */,
			);
			name = "点击单个图片放大的封装UITests";
			productName = "点击单个图片放大的封装UITests";
			productReference = B910D8FB1FA8480500CD54B1 /* 点击单个图片放大的封装UITests.xctest */;
			productType = "com.apple.product-type.bundle.ui-testing";
		};
/* End PBXNativeTarget section */

/* Begin PBXProject section */
		B910D8D01FA8480400CD54B1 /* Project object */ = {
			isa = PBXProject;
			attributes = {
				LastUpgradeCheck = 0900;
				ORGANIZATIONNAME = jinshuaier;
				TargetAttributes = {
					B910D8D71FA8480400CD54B1 = {
						CreatedOnToolsVersion = 9.0;
						ProvisioningStyle = Automatic;
					};
					B910D8EF1FA8480500CD54B1 = {
						CreatedOnToolsVersion = 9.0;
						ProvisioningStyle = Automatic;
						TestTargetID = B910D8D71FA8480400CD54B1;
					};
					B910D8FA1FA8480500CD54B1 = {
						CreatedOnToolsVersion = 9.0;
						ProvisioningStyle = Automatic;
						TestTargetID = B910D8D71FA8480400CD54B1;
					};
				};
			};
			buildConfigurationList = B910D8D31FA8480400CD54B1 /* Build configuration list for PBXProject "点击单个图片放大的封装" */;
			compatibilityVersion = "Xcode 8.0";
			developmentRegion = en;
			hasScannedForEncodings = 0;
			knownRegions = (
				en,
				Base,
			);
			mainGroup = B910D8CF1FA8480400CD54B1;
			productRefGroup = B910D8D91FA8480400CD54B1 /* Products */;
			projectDirPath = "";
			projectRoot = "";
			targets = (
				B910D8D71FA8480400CD54B1 /* 点击单个图片放大的封装 */,
				B910D8EF1FA8480500CD54B1 /* 点击单个图片放大的封装Tests */,
				B910D8FA1FA8480500CD54B1 /* 点击单个图片放大的封装UITests */,
			);
		};
/* End PBXProject section */

/* Begin PBXResourcesBuildPhase section */
		B910D8D61FA8480400CD54B1 /* Resources */ = {
			isa = PBXResourcesBuildPhase;
			buildActionMask = 2147483647;
			files = (
				B910D8E81FA8480400CD54B1 /* LaunchScreen.storyboard in Resources */,
				B910D8E51FA8480400CD54B1 /* Assets.xcassets in Resources */,
				B910D8E31FA8480400CD54B1 /* Main.storyboard in Resources */,
			);
			runOnlyForDeploymentPostprocessing = 0;
		};
		B910D8EE1FA8480500CD54B1 /* Resources */ = {
			isa = PBXResourcesBuildPhase;
			buildActionMask = 2147483647;
			files = (
			);
			runOnlyForDeploymentPostprocessing = 0;
		};
		B910D8F91FA8480500CD54B1 /* Resources */ = {
			isa = PBXResourcesBuildPhase;
			buildActionMask = 2147483647;
			files = (
			);
			runOnlyForDeploymentPostprocessing = 0;
		};
/* End PBXResourcesBuildPhase section */

/* Begin PBXSourcesBuildPhase section */
		B910D8D41FA8480400CD54B1 /* Sources */ = {
			isa = PBXSourcesBuildPhase;
			buildActionMask = 2147483647;
			files = (
				B910D8E01FA8480400CD54B1 /* ViewController.m in Sources */,
				B910D8EB1FA8480400CD54B1 /* main.m in Sources */,
				B910D8DD1FA8480400CD54B1 /* AppDelegate.m in Sources */,
				B910D90F1FA8485C00CD54B1 /* HggBigImage.m in Sources */,
			);
			runOnlyForDeploymentPostprocessing = 0;
		};
		B910D8EC1FA8480500CD54B1 /* Sources */ = {
			isa = PBXSourcesBuildPhase;
			buildActionMask = 2147483647;
			files = (
				B910D8F51FA8480500CD54B1 /* ___________Tests.m in Sources */,
			);
			runOnlyForDeploymentPostprocessing = 0;
		};
		B910D8F71FA8480500CD54B1 /* Sources */ = {
			isa = PBXSourcesBuildPhase;
			buildActionMask = 2147483647;
			files = (
				B910D9001FA8480500CD54B1 /* ___________UITests.m in Sources */,
			);
			runOnlyForDeploymentPostprocessing = 0;
		};
/* End PBXSourcesBuildPhase section */

/* Begin PBXTargetDependency section */
		B910D8F21FA8480500CD54B1 /* PBXTargetDependency */ = {
			isa = PBXTargetDependency;
			target = B910D8D71FA8480400CD54B1 /* 点击单个图片放大的封装 */;
			targetProxy = B910D8F11FA8480500CD54B1 /* PBXContainerItemProxy */;
		};
		B910D8FD1FA8480500CD54B1 /* PBXTargetDependency */ = {
			isa = PBXTargetDependency;
			target = B910D8D71FA8480400CD54B1 /* 点击单个图片放大的封装 */;
			targetProxy = B910D8FC1FA8480500CD54B1 /* PBXContainerItemProxy */;
		};
/* End PBXTargetDependency section */

/* Begin PBXVariantGroup section */
		B910D8E11FA8480400CD54B1 /* Main.storyboard */ = {
			isa = PBXVariantGroup;
			children = (
				B910D8E21FA8480400CD54B1 /* Base */,
			);
			name = Main.storyboard;
			sourceTree = "<group>";
		};
		B910D8E61FA8480400CD54B1 /* LaunchScreen.storyboard */ = {
			isa = PBXVariantGroup;
			children = (
				B910D8E71FA8480400CD54B1 /* Base */,
			);
			name = LaunchScreen.storyboard;
			sourceTree = "<group>";
		};
/* End PBXVariantGroup section */

/* Begin XCBuildConfiguration section */
		B910D9021FA8480500CD54B1 /* Debug */ = {
			isa = XCBuildConfiguration;
			buildSettings = {
				ALWAYS_SEARCH_USER_PATHS = NO;
				CLANG_ANALYZER_NONNULL = YES;
				CLANG_ANALYZER_NUMBER_OBJECT_CONVERSION = YES_AGGRESSIVE;
				CLANG_CXX_LANGUAGE_STANDARD = "gnu++14";
				CLANG_CXX_LIBRARY = "libc++";
				CLANG_ENABLE_MODULES = YES;
				CLANG_ENABLE_OBJC_ARC = YES;
				CLANG_WARN_BLOCK_CAPTURE_AUTORELEASING = YES;
				CLANG_WARN_BOOL_CONVERSION = YES;
				CLANG_WARN_COMMA = YES;
				CLANG_WARN_CONSTANT_CONVERSION = YES;
				CLANG_WARN_DIRECT_OBJC_ISA_USAGE = YES_ERROR;
				CLANG_WARN_DOCUMENTATION_COMMENTS = YES;
				CLANG_WARN_EMPTY_BODY = YES;
				CLANG_WARN_ENUM_CONVERSION = YES;
				CLANG_WARN_INFINITE_RECURSION = YES;
				CLANG_WARN_INT_CONVERSION = YES;
				CLANG_WARN_NON_LITERAL_NULL_CONVERSION = YES;
				CLANG_WARN_OBJC_LITERAL_CONVERSION = YES;
				CLANG_WARN_OBJC_ROOT_CLASS = YES_ERROR;
				CLANG_WARN_RANGE_LOOP_ANALYSIS = YES;
				CLANG_WARN_STRICT_PROTOTYPES = YES;
				CLANG_WARN_SUSPICIOUS_MOVE = YES;
				CLANG_WARN_UNGUARDED_AVAILABILITY = YES_AGGRESSIVE;
				CLANG_WARN_UNREACHABLE_CODE = YES;
				CLANG_WARN__DUPLICATE_METHOD_MATCH = YES;
				CODE_SIGN_IDENTITY = "iPhone Developer";
				COPY_PHASE_STRIP = NO;
				DEBUG_INFORMATION_FORMAT = dwarf;
				ENABLE_STRICT_OBJC_MSGSEND = YES;
				ENABLE_TESTABILITY = YES;
				GCC_C_LANGUAGE_STANDARD = gnu11;
				GCC_DYNAMIC_NO_PIC = NO;
				GCC_NO_COMMON_BLOCKS = YES;
				GCC_OPTIMIZATION_LEVEL = 0;
				GCC_PREPROCESSOR_DEFINITIONS = (
					"DEBUG=1",
					"$(inherited)",
				);
				GCC_WARN_64_TO_32_BIT_CONVERSION = YES;
				GCC_WARN_ABOUT_RETURN_TYPE = YES_ERROR;
				GCC_WARN_UNDECLARED_SELECTOR = YES;
				GCC_WARN_UNINITIALIZED_AUTOS = YES_AGGRESSIVE;
				GCC_WARN_UNUSED_FUNCTION = YES;
				GCC_WARN_UNUSED_VARIABLE = YES;
				IPHONEOS_DEPLOYMENT_TARGET = 11.0;
				MTL_ENABLE_DEBUG_INFO = YES;
				ONLY_ACTIVE_ARCH = YES;
				SDKROOT = iphoneos;
			};
			name = Debug;
		};
		B910D9031FA8480500CD54B1 /* Release */ = {
			isa = XCBuildConfiguration;
			buildSettings = {
				ALWAYS_SEARCH_USER_PATHS = NO;
				CLANG_ANALYZER_NONNULL = YES;
				CLANG_ANALYZER_NUMBER_OBJECT_CONVERSION = YES_AGGRESSIVE;
				CLANG_CXX_LANGUAGE_STANDARD = "gnu++14";
				CLANG_CXX_LIBRARY = "libc++";
				CLANG_ENABLE_MODULES = YES;
				CLANG_ENABLE_OBJC_ARC = YES;
				CLANG_WARN_BLOCK_CAPTURE_AUTORELEASING = YES;
				CLANG_WARN_BOOL_CONVERSION = YES;
				CLANG_WARN_COMMA = YES;
				CLANG_WARN_CONSTANT_CONVERSION = YES;
				CLANG_WARN_DIRECT_OBJC_ISA_USAGE = YES_ERROR;
				CLANG_WARN_DOCUMENTATION_COMMENTS = YES;
				CLANG_WARN_EMPTY_BODY = YES;
				CLANG_WARN_ENUM_CONVERSION = YES;
				CLANG_WARN_INFINITE_RECURSION = YES;
				CLANG_WARN_INT_CONVERSION = YES;
				CLANG_WARN_NON_LITERAL_NULL_CONVERSION = YES;
				CLANG_WARN_OBJC_LITERAL_CONVERSION = YES;
				CLANG_WARN_OBJC_ROOT_CLASS = YES_ERROR;
				CLANG_WARN_RANGE_LOOP_ANALYSIS = YES;
				CLANG_WARN_STRICT_PROTOTYPES = YES;
				CLANG_WARN_SUSPICIOUS_MOVE = YES;
				CLANG_WARN_UNGUARDED_AVAILABILITY = YES_AGGRESSIVE;
				CLANG_WARN_UNREACHABLE_CODE = YES;
				CLANG_WARN__DUPLICATE_METHOD_MATCH = YES;
				CODE_SIGN_IDENTITY = "iPhone Developer";
				COPY_PHASE_STRIP = NO;
				DEBUG_INFORMATION_FORMAT = "dwarf-with-dsym";
				ENABLE_NS_ASSERTIONS = NO;
				ENABLE_STRICT_OBJC_MSGSEND = YES;
				GCC_C_LANGUAGE_STANDARD = gnu11;
				GCC_NO_COMMON_BLOCKS = YES;
				GCC_WARN_64_TO_32_BIT_CONVERSION = YES;
				GCC_WARN_ABOUT_RETURN_TYPE = YES_ERROR;
				GCC_WARN_UNDECLARED_SELECTOR = YES;
				GCC_WARN_UNINITIALIZED_AUTOS = YES_AGGRESSIVE;
				GCC_WARN_UNUSED_FUNCTION = YES;
				GCC_WARN_UNUSED_VARIABLE = YES;
				IPHONEOS_DEPLOYMENT_TARGET = 11.0;
				MTL_ENABLE_DEBUG_INFO = NO;
				SDKROOT = iphoneos;
				VALIDATE_PRODUCT = YES;
			};
			name = Release;
		};
		B910D9051FA8480500CD54B1 /* Debug */ = {
			isa = XCBuildConfiguration;
			buildSettings = {
				ASSETCATALOG_COMPILER_APPICON_NAME = AppIcon;
				CODE_SIGN_STYLE = Automatic;
				INFOPLIST_FILE = "点击单个图片放大的封装/Info.plist";
				LD_RUNPATH_SEARCH_PATHS = "$(inherited) @executable_path/Frameworks";
				PRODUCT_BUNDLE_IDENTIFIER = "hgg.-----------";
				PRODUCT_NAME = "$(TARGET_NAME)";
				TARGETED_DEVICE_FAMILY = "1,2";
			};
			name = Debug;
		};
		B910D9061FA8480500CD54B1 /* Release */ = {
			isa = XCBuildConfiguration;
			buildSettings = {
				ASSETCATALOG_COMPILER_APPICON_NAME = AppIcon;
				CODE_SIGN_STYLE = Automatic;
				INFOPLIST_FILE = "点击单个图片放大的封装/Info.plist";
				LD_RUNPATH_SEARCH_PATHS = "$(inherited) @executable_path/Frameworks";
				PRODUCT_BUNDLE_IDENTIFIER = "hgg.-----------";
				PRODUCT_NAME = "$(TARGET_NAME)";
				TARGETED_DEVICE_FAMILY = "1,2";
			};
			name = Release;
		};
		B910D9081FA8480500CD54B1 /* Debug */ = {
			isa = XCBuildConfiguration;
			buildSettings = {
				BUNDLE_LOADER = "$(TEST_HOST)";
				CODE_SIGN_STYLE = Automatic;
				INFOPLIST_FILE = "点击单个图片放大的封装Tests/Info.plist";
				LD_RUNPATH_SEARCH_PATHS = "$(inherited) @executable_path/Frameworks @loader_path/Frameworks";
				PRODUCT_BUNDLE_IDENTIFIER = "hgg.-----------Tests";
				PRODUCT_NAME = "$(TARGET_NAME)";
				TARGETED_DEVICE_FAMILY = "1,2";
				TEST_HOST = "$(BUILT_PRODUCTS_DIR)/点击单个图片放大的封装.app/点击单个图片放大的封装";
			};
			name = Debug;
		};
		B910D9091FA8480500CD54B1 /* Release */ = {
			isa = XCBuildConfiguration;
			buildSettings = {
				BUNDLE_LOADER = "$(TEST_HOST)";
				CODE_SIGN_STYLE = Automatic;
				INFOPLIST_FILE = "点击单个图片放大的封装Tests/Info.plist";
				LD_RUNPATH_SEARCH_PATHS = "$(inherited) @executable_path/Frameworks @loader_path/Frameworks";
				PRODUCT_BUNDLE_IDENTIFIER = "hgg.-----------Tests";
				PRODUCT_NAME = "$(TARGET_NAME)";
				TARGETED_DEVICE_FAMILY = "1,2";
				TEST_HOST = "$(BUILT_PRODUCTS_DIR)/点击单个图片放大的封装.app/点击单个图片放大的封装";
			};
			name = Release;
		};
		B910D90B1FA8480500CD54B1 /* Debug */ = {
			isa = XCBuildConfiguration;
			buildSettings = {
				CODE_SIGN_STYLE = Automatic;
				INFOPLIST_FILE = "点击单个图片放大的封装UITests/Info.plist";
				LD_RUNPATH_SEARCH_PATHS = "$(inherited) @executable_path/Frameworks @loader_path/Frameworks";
				PRODUCT_BUNDLE_IDENTIFIER = "hgg.-----------UITests";
				PRODUCT_NAME = "$(TARGET_NAME)";
				TARGETED_DEVICE_FAMILY = "1,2";
				TEST_TARGET_NAME = "点击单个图片放大的封装";
			};
			name = Debug;
		};
		B910D90C1FA8480500CD54B1 /* Release */ = {
			isa = XCBuildConfiguration;
			buildSettings = {
				CODE_SIGN_STYLE = Automatic;
				INFOPLIST_FILE = "点击单个图片放大的封装UITests/Info.plist";
				LD_RUNPATH_SEARCH_PATHS = "$(inherited) @executable_path/Frameworks @loader_path/Frameworks";
				PRODUCT_BUNDLE_IDENTIFIER = "hgg.-----------UITests";
				PRODUCT_NAME = "$(TARGET_NAME)";
				TARGETED_DEVICE_FAMILY = "1,2";
				TEST_TARGET_NAME = "点击单个图片放大的封装";
			};
			name = Release;
		};
/* End XCBuildConfiguration section */

/* Begin XCConfigurationList section */
		B910D8D31FA8480400CD54B1 /* Build configuration list for PBXProject "点击单个图片放大的封装" */ = {
			isa = XCConfigurationList;
			buildConfigurations = (
				B910D9021FA8480500CD54B1 /* Debug */,
				B910D9031FA8480500CD54B1 /* Release */,
			);
			defaultConfigurationIsVisible = 0;
			defaultConfigurationName = Release;
		};
		B910D9041FA8480500CD54B1 /* Build configuration list for PBXNativeTarget "点击单个图片放大的封装" */ = {
			isa = XCConfigurationList;
			buildConfigurations = (
				B910D9051FA8480500CD54B1 /* Debug */,
				B910D9061FA8480500CD54B1 /* Release */,
			);
			defaultConfigurationIsVisible = 0;
			defaultConfigurationName = Release;
		};
		B910D9071FA8480500CD54B1 /* Build configuration list for PBXNativeTarget "点击单个图片放大的封装Tests" */ = {
			isa = XCConfigurationList;
			buildConfigurations = (
				B910D9081FA8480500CD54B1 /* Debug */,
				B910D9091FA8480500CD54B1 /* Release */,
			);
			defaultConfigurationIsVisible = 0;
			defaultConfigurationName = Release;
		};
		B910D90A1FA8480500CD54B1 /* Build configuration list for PBXNativeTarget "点击单个图片放大的封装UITests" */ = {
			isa = XCConfigurationList;
			buildConfigurations = (
				B910D90B1FA8480500CD54B1 /* Debug */,
				B910D90C1FA8480500CD54B1 /* Release */,
			);
			defaultConfigurationIsVisible = 0;
			defaultConfigurationName = Release;
		};
/* End XCConfigurationList section */
	};
	rootObject = B910D8D01FA8480400CD54B1 /* Project object */;
}
